
Microsoft Visual Studio Solution File, Format Version 12.00
# Visual Studio Version 17
VisualStudioVersion = 17.4.33213.308
MinimumVisualStudioVersion = 10.0.40219.1
Project("{FAE04EC0-301F-11D3-BF4B-00C04F79EFBC}") = "Session-05", "Session-05\Session-05.csproj", "{3B2D2664-FE60-49E3-A4AC-47A7DD48DC78}"
EndProject
Global
	GlobalSection(SolutionConfigurationPlatforms) = preSolution
		Debug|Any CPU = Debug|Any CPU
		Release|Any CPU = Release|Any CPU
	EndGlobalSection
	GlobalSection(ProjectConfigurationPlatforms) = postSolution
		{3B2D2664-FE60-49E3-A4AC-47A7DD48DC78}.Debug|Any CPU.ActiveCfg = Debug|Any CPU
		{3B2D2664-FE60-49E3-A4AC-47A7DD48DC78}.Debug|Any CPU.Build.0 = Debug|Any CPU
		{3B2D2664-FE60-49E3-A4AC-47A7DD48DC78}.Release|Any CPU.ActiveCfg = Release|Any CPU
		{3B2D2664-FE60-49E3-A4AC-47A7DD48DC78}.Release|Any CPU.Build.0 = Release|Any CPU
	EndGlobalSection
	GlobalSection(SolutionProperties) = preSolution
		HideSolutionNode = FALSE
	EndGlobalSection
	GlobalSection(ExtensibilityGlobals) = postSolution
		SolutionGuid = {36F1BFFC-8B3C-4AE8-9D9D-8C8922DA26FD}
	EndGlobalSection
EndGlobal
