
Microsoft Visual Studio Solution File, Format Version 12.00
# Visual Studio Version 17
VisualStudioVersion = 17.4.33213.308
MinimumVisualStudioVersion = 10.0.40219.1
Project("{FAE04EC0-301F-11D3-BF4B-00C04F79EFBC}") = "Session-06", "Session-06\Session-06.csproj", "{919B7A08-0AB7-43A5-A851-697C533F5DAA}"
EndProject
Global
	GlobalSection(SolutionConfigurationPlatforms) = preSolution
		Debug|Any CPU = Debug|Any CPU
		Release|Any CPU = Release|Any CPU
	EndGlobalSection
	GlobalSection(ProjectConfigurationPlatforms) = postSolution
		{919B7A08-0AB7-43A5-A851-697C533F5DAA}.Debug|Any CPU.ActiveCfg = Debug|Any CPU
		{919B7A08-0AB7-43A5-A851-697C533F5DAA}.Debug|Any CPU.Build.0 = Debug|Any CPU
		{919B7A08-0AB7-43A5-A851-697C533F5DAA}.Release|Any CPU.ActiveCfg = Release|Any CPU
		{919B7A08-0AB7-43A5-A851-697C533F5DAA}.Release|Any CPU.Build.0 = Release|Any CPU
	EndGlobalSection
	GlobalSection(SolutionProperties) = preSolution
		HideSolutionNode = FALSE
	EndGlobalSection
	GlobalSection(ExtensibilityGlobals) = postSolution
		SolutionGuid = {DAD65686-7CB1-4382-9161-14825D0BC025}
	EndGlobalSection
EndGlobal
