
Microsoft Visual Studio Solution File, Format Version 12.00
# Visual Studio Version 17
VisualStudioVersion = 17.4.33205.214
MinimumVisualStudioVersion = 10.0.40219.1
Project("{FAE04EC0-301F-11D3-BF4B-00C04F79EFBC}") = "Session-09", "Session-09\Session-09.csproj", "{D7E3E9BB-CBD6-4DA5-8A62-E4F3928C8D25}"
EndProject
Project("{FAE04EC0-301F-11D3-BF4B-00C04F79EFBC}") = "CalculatorLib", "CalculatorLib\CalculatorLib.csproj", "{C79E472F-C045-4B85-A853-9EDEEE924886}"
EndProject
Global
	GlobalSection(SolutionConfigurationPlatforms) = preSolution
		Debug|Any CPU = Debug|Any CPU
		Release|Any CPU = Release|Any CPU
	EndGlobalSection
	GlobalSection(ProjectConfigurationPlatforms) = postSolution
		{D7E3E9BB-CBD6-4DA5-8A62-E4F3928C8D25}.Debug|Any CPU.ActiveCfg = Debug|Any CPU
		{D7E3E9BB-CBD6-4DA5-8A62-E4F3928C8D25}.Debug|Any CPU.Build.0 = Debug|Any CPU
		{D7E3E9BB-CBD6-4DA5-8A62-E4F3928C8D25}.Release|Any CPU.ActiveCfg = Release|Any CPU
		{D7E3E9BB-CBD6-4DA5-8A62-E4F3928C8D25}.Release|Any CPU.Build.0 = Release|Any CPU
		{C79E472F-C045-4B85-A853-9EDEEE924886}.Debug|Any CPU.ActiveCfg = Debug|Any CPU
		{C79E472F-C045-4B85-A853-9EDEEE924886}.Debug|Any CPU.Build.0 = Debug|Any CPU
		{C79E472F-C045-4B85-A853-9EDEEE924886}.Release|Any CPU.ActiveCfg = Release|Any CPU
		{C79E472F-C045-4B85-A853-9EDEEE924886}.Release|Any CPU.Build.0 = Release|Any CPU
	EndGlobalSection
	GlobalSection(SolutionProperties) = preSolution
		HideSolutionNode = FALSE
	EndGlobalSection
	GlobalSection(ExtensibilityGlobals) = postSolution
		SolutionGuid = {973B94E8-EB90-4C7C-B9C4-A96E27BA73C1}
	EndGlobalSection
EndGlobal
